
Microsoft Visual Studio Solution File, Format Version 12.00
# Visual Studio Version 17
VisualStudioVersion = 17.2.32616.157
MinimumVisualStudioVersion = 10.0.40219.1
Project("{FAE04EC0-301F-11D3-BF4B-00C04F79EFBC}") = "Image Gallery in c-sharp", "Image Gallery in c-sharp.csproj", "{5A0CD87A-824E-460D-83D1-A22C317614AB}"
EndProject
Global
	GlobalSection(SolutionConfigurationPlatforms) = preSolution
		Debug|Any CPU = Debug|Any CPU
		Release|Any CPU = Release|Any CPU
	EndGlobalSection
	GlobalSection(ProjectConfigurationPlatforms) = postSolution
		{5A0CD87A-824E-460D-83D1-A22C317614AB}.Debug|Any CPU.ActiveCfg = Debug|Any CPU
		{5A0CD87A-824E-460D-83D1-A22C317614AB}.Debug|Any CPU.Build.0 = Debug|Any CPU
		{5A0CD87A-824E-460D-83D1-A22C317614AB}.Release|Any CPU.ActiveCfg = Release|Any CPU
		{5A0CD87A-824E-460D-83D1-A22C317614AB}.Release|Any CPU.Build.0 = Release|Any CPU
	EndGlobalSection
	GlobalSection(SolutionProperties) = preSolution
		HideSolutionNode = FALSE
	EndGlobalSection
	GlobalSection(ExtensibilityGlobals) = postSolution
		SolutionGuid = {FA37E0B9-3BEE-40FC-9454-320DF822C890}
	EndGlobalSection
EndGlobal
